
Microsoft Visual Studio Solution File, Format Version 12.00
# Visual Studio 15
Project("{FAE04EC0-301F-11D3-BF4B-00C04F79EFBC}") = "Assembly-CSharp", "Assembly-CSharp.csproj", "{F88C9C6C-47E8-1851-88D7-D8B77E7967FC}"
EndProject
Project("{FAE04EC0-301F-11D3-BF4B-00C04F79EFBC}") = "Assembly-CSharp-firstpass", "Assembly-CSharp-firstpass.csproj", "{DA26EAEB-137A-D376-463F-401183F0124A}"
EndProject
Project("{FAE04EC0-301F-11D3-BF4B-00C04F79EFBC}") = "Assembly-CSharp-Editor-firstpass", "Assembly-CSharp-Editor-firstpass.csproj", "{D5C7C260-22A7-5394-05CE-30E33C923F14}"
EndProject
Global
	GlobalSection(SolutionConfigurationPlatforms) = preSolution
		Debug|Any CPU = Debug|Any CPU
		Release|Any CPU = Release|Any CPU
	EndGlobalSection
	GlobalSection(ProjectConfigurationPlatforms) = postSolution
		{F88C9C6C-47E8-1851-88D7-D8B77E7967FC}.Debug|Any CPU.ActiveCfg = Debug|Any CPU
		{F88C9C6C-47E8-1851-88D7-D8B77E7967FC}.Debug|Any CPU.Build.0 = Debug|Any CPU
		{F88C9C6C-47E8-1851-88D7-D8B77E7967FC}.Release|Any CPU.ActiveCfg = Release|Any CPU
		{F88C9C6C-47E8-1851-88D7-D8B77E7967FC}.Release|Any CPU.Build.0 = Release|Any CPU
		{DA26EAEB-137A-D376-463F-401183F0124A}.Debug|Any CPU.ActiveCfg = Debug|Any CPU
		{DA26EAEB-137A-D376-463F-401183F0124A}.Debug|Any CPU.Build.0 = Debug|Any CPU
		{DA26EAEB-137A-D376-463F-401183F0124A}.Release|Any CPU.ActiveCfg = Release|Any CPU
		{DA26EAEB-137A-D376-463F-401183F0124A}.Release|Any CPU.Build.0 = Release|Any CPU
		{D5C7C260-22A7-5394-05CE-30E33C923F14}.Debug|Any CPU.ActiveCfg = Debug|Any CPU
		{D5C7C260-22A7-5394-05CE-30E33C923F14}.Debug|Any CPU.Build.0 = Debug|Any CPU
		{D5C7C260-22A7-5394-05CE-30E33C923F14}.Release|Any CPU.ActiveCfg = Release|Any CPU
		{D5C7C260-22A7-5394-05CE-30E33C923F14}.Release|Any CPU.Build.0 = Release|Any CPU
	EndGlobalSection
	GlobalSection(SolutionProperties) = preSolution
		HideSolutionNode = FALSE
	EndGlobalSection
EndGlobal
